
Microsoft Visual Studio Solution File, Format Version 12.00
# Visual Studio Version 16
VisualStudioVersion = 16.0.30907.101
MinimumVisualStudioVersion = 10.0.40219.1
Project("{FAE04EC0-301F-11D3-BF4B-00C04F79EFBC}") = "File Scanner", "File Scanner.csproj", "{0D9C248E-B52C-4248-B3C6-C8785B40608C}"
EndProject
Global
	GlobalSection(SolutionConfigurationPlatforms) = preSolution
		Debug|Any CPU = Debug|Any CPU
		Release|Any CPU = Release|Any CPU
	EndGlobalSection
	GlobalSection(ProjectConfigurationPlatforms) = postSolution
		{0D9C248E-B52C-4248-B3C6-C8785B40608C}.Debug|Any CPU.ActiveCfg = Debug|Any CPU
		{0D9C248E-B52C-4248-B3C6-C8785B40608C}.Debug|Any CPU.Build.0 = Debug|Any CPU
		{0D9C248E-B52C-4248-B3C6-C8785B40608C}.Release|Any CPU.ActiveCfg = Release|Any CPU
		{0D9C248E-B52C-4248-B3C6-C8785B40608C}.Release|Any CPU.Build.0 = Release|Any CPU
	EndGlobalSection
	GlobalSection(SolutionProperties) = preSolution
		HideSolutionNode = FALSE
	EndGlobalSection
	GlobalSection(ExtensibilityGlobals) = postSolution
		SolutionGuid = {68CA6E6E-9844-4791-8144-576B30EF78F9}
	EndGlobalSection
EndGlobal
